
Microsoft Visual Studio Solution File, Format Version 12.00
# Visual Studio Version 17
VisualStudioVersion = 17.10.35013.160
MinimumVisualStudioVersion = 10.0.40219.1
Project("{FAE04EC0-301F-11D3-BF4B-00C04F79EFBC}") = "StudentsForms", "StudentsForms\StudentsForms.csproj", "{B0685179-2E80-48F7-975E-E22CB50D6255}"
EndProject
Global
	GlobalSection(SolutionConfigurationPlatforms) = preSolution
		Debug|Any CPU = Debug|Any CPU
		Release|Any CPU = Release|Any CPU
	EndGlobalSection
	GlobalSection(ProjectConfigurationPlatforms) = postSolution
		{B0685179-2E80-48F7-975E-E22CB50D6255}.Debug|Any CPU.ActiveCfg = Debug|Any CPU
		{B0685179-2E80-48F7-975E-E22CB50D6255}.Debug|Any CPU.Build.0 = Debug|Any CPU
		{B0685179-2E80-48F7-975E-E22CB50D6255}.Release|Any CPU.ActiveCfg = Release|Any CPU
		{B0685179-2E80-48F7-975E-E22CB50D6255}.Release|Any CPU.Build.0 = Release|Any CPU
	EndGlobalSection
	GlobalSection(SolutionProperties) = preSolution
		HideSolutionNode = FALSE
	EndGlobalSection
	GlobalSection(ExtensibilityGlobals) = postSolution
		SolutionGuid = {6496E814-0762-4A1D-B39E-A7D9EBBCCD50}
	EndGlobalSection
EndGlobal
